{
    "_meta": {
        "hash": {
            "sha256": "8aba16df55e7e33fd43db1721ed23265e822b15004ae5315007f0f0775f89e1b"
        },
        "pipfile-spec": 6,
        "requires": {
            "python_version": "3.13"
        },
        "sources": [
            {
                "name": "pypi",
                "url": "https://pypi.org/simple",
                "verify_ssl": true
            }
        ]
    },
    "default": {
        "gdal": {
            "hashes": [
                "sha256:ec66a6cf5cd2380d03b1c27f82738732e0f829a95f7f0c81cc61c4bea18a9cda"
            ],
            "index": "pypi",
            "markers": "python_full_version >= '3.8.0'",
            "version": "==3.10.1"
        }
    },
    "develop": {}
}
